{
  "name": "wwwroot",
  "version": "1.0.0",
  "lockfileVersion": 2,
  "requires": true,
  "packages": {
    "": {
      "name": "wwwroot",
      "version": "1.0.0",
      "license": "ISC",
      "dependencies": {
        "nhsuk-frontend": "^6.1.0"
      }
    },
    "node_modules/nhsuk-frontend": {
      "version": "6.1.0",
      "resolved": "https://registry.npmjs.org/nhsuk-frontend/-/nhsuk-frontend-6.1.0.tgz",
      "integrity": "sha512-iUqPP9TM29ycbaqoNlINp7jVzPblrHVUIArQlpL4TRtu1iYDkwuXPMkZWps5ORN+DOIR3Xlt2XgeNoO26OWjeQ=="
    }
  },
  "dependencies": {
    "nhsuk-frontend": {
      "version": "6.1.0",
      "resolved": "https://registry.npmjs.org/nhsuk-frontend/-/nhsuk-frontend-6.1.0.tgz",
      "integrity": "sha512-iUqPP9TM29ycbaqoNlINp7jVzPblrHVUIArQlpL4TRtu1iYDkwuXPMkZWps5ORN+DOIR3Xlt2XgeNoO26OWjeQ=="
    }
  }
}
